
Microsoft Visual Studio Solution File, Format Version 11.00
# Visual Studio 2010
Project("{E24C65DC-7377-472B-9ABA-BC803B73C61A}") = "MySite", "..\..\WebSites\MySite\", "{ABFF943B-BE50-404E-8D05-8520091501CE}"
	ProjectSection(WebsiteProperties) = preProject
		TargetFrameworkMoniker = ".NETFramework,Version%3Dv4.0"
		Debug.AspNetCompiler.VirtualPath = "/MySite"
		Debug.AspNetCompiler.PhysicalPath = "..\..\WebSites\MySite\"
		Debug.AspNetCompiler.TargetPath = "PrecompiledWeb\MySite\"
		Debug.AspNetCompiler.Updateable = "true"
		Debug.AspNetCompiler.ForceOverwrite = "true"
		Debug.AspNetCompiler.FixedNames = "false"
		Debug.AspNetCompiler.Debug = "True"
		Release.AspNetCompiler.VirtualPath = "/MySite"
		Release.AspNetCompiler.PhysicalPath = "..\..\WebSites\MySite\"
		Release.AspNetCompiler.TargetPath = "PrecompiledWeb\MySite\"
		Release.AspNetCompiler.Updateable = "true"
		Release.AspNetCompiler.ForceOverwrite = "true"
		Release.AspNetCompiler.FixedNames = "false"
		Release.AspNetCompiler.Debug = "False"
		VWDPort = "19400"
		DefaultWebSiteLanguage = "Visual C#"
	EndProjectSection
EndProject
Global
	GlobalSection(SolutionConfigurationPlatforms) = preSolution
		Debug|Any CPU = Debug|Any CPU
	EndGlobalSection
	GlobalSection(ProjectConfigurationPlatforms) = postSolution
		{ABFF943B-BE50-404E-8D05-8520091501CE}.Debug|Any CPU.ActiveCfg = Debug|Any CPU
		{ABFF943B-BE50-404E-8D05-8520091501CE}.Debug|Any CPU.Build.0 = Debug|Any CPU
	EndGlobalSection
	GlobalSection(SolutionProperties) = preSolution
		HideSolutionNode = FALSE
	EndGlobalSection
EndGlobal
